
Microsoft Visual Studio Solution File, Format Version 12.00
# Visual Studio Version 16
VisualStudioVersion = 16.0.31019.35
MinimumVisualStudioVersion = 10.0.40219.1
Project("{FAE04EC0-301F-11D3-BF4B-00C04F79EFBC}") = "Pantomima", "Pantomima\Pantomima.csproj", "{D950ED79-2CC2-4B67-AA04-D2C30AEF5508}"
EndProject
Global
	GlobalSection(SolutionConfigurationPlatforms) = preSolution
		Debug|Any CPU = Debug|Any CPU
		Release|Any CPU = Release|Any CPU
	EndGlobalSection
	GlobalSection(ProjectConfigurationPlatforms) = postSolution
		{D950ED79-2CC2-4B67-AA04-D2C30AEF5508}.Debug|Any CPU.ActiveCfg = Debug|Any CPU
		{D950ED79-2CC2-4B67-AA04-D2C30AEF5508}.Debug|Any CPU.Build.0 = Debug|Any CPU
		{D950ED79-2CC2-4B67-AA04-D2C30AEF5508}.Release|Any CPU.ActiveCfg = Release|Any CPU
		{D950ED79-2CC2-4B67-AA04-D2C30AEF5508}.Release|Any CPU.Build.0 = Release|Any CPU
	EndGlobalSection
	GlobalSection(SolutionProperties) = preSolution
		HideSolutionNode = FALSE
	EndGlobalSection
	GlobalSection(ExtensibilityGlobals) = postSolution
		SolutionGuid = {8C9E45E5-6BAB-4E79-A482-63DBD5130A0C}
	EndGlobalSection
EndGlobal
